{
  "name": "vue-manage-system",
  "version": "5.1.0",
  "lockfileVersion": 1,
  "requires": true,
  "dependencies": {
    "@babel/helper-validator-identifier": {
      "version": "7.15.7",
      "resolved": "https://registry.nlark.com/@babel/helper-validator-identifier/download/@babel/helper-validator-identifier-7.15.7.tgz?cache=0&sync_timestamp=1631920857390&other_urls=https%3A%2F%2Fregistry.nlark.com%2F%40babel%2Fhelper-validator-identifier%2Fdownload%2F%40babel%2Fhelper-validator-identifier-7.15.7.tgz",
      "integrity": "sha1-Ig35k7/pBKSmsCq08zhaXr9uI4k="
    },
    "@babel/parser": {
      "version": "7.16.6",
      "resolved": "https://registry.npmmirror.com/@babel/parser/download/@babel/parser-7.16.6.tgz",
      "integrity": "sha512-Gr86ujcNuPDnNOY8mi383Hvi8IYrJVJYuf3XcuBM/Dgd+bINn/7tHqsj+tKkoreMbmGsFLsltI/JJd8fOFWGDQ=="
    },
    "@babel/runtime": {
      "version": "7.16.3",
      "resolved": "https://registry.npmmirror.com/@babel/runtime/download/@babel/runtime-7.16.3.tgz",
      "integrity": "sha512-WBwekcqacdY2e9AF/Q7WLFUWmdJGJTkbjqTjoMDgXkVZ3ZRUvOPsLb5KdwISoQVsbP+DQzVZW4Zhci0DvpbNTQ==",
      "requires": {
        "regenerator-runtime": "^0.13.4"
      }
    },
    "@babel/runtime-corejs3": {
      "version": "7.16.3",
      "resolved": "https://registry.npmmirror.com/@babel/runtime-corejs3/download/@babel/runtime-corejs3-7.16.3.tgz",
      "integrity": "sha512-IAdDC7T0+wEB4y2gbIL0uOXEYpiZEeuFUTVbdGq+UwCcF35T/tS8KrmMomEwEc5wBbyfH3PJVpTSUqrhPDXFcQ==",
      "requires": {
        "core-js-pure": "^3.19.0",
        "regenerator-runtime": "^0.13.4"
      }
    },
    "@babel/types": {
      "version": "7.16.0",
      "resolved": "https://registry.npmmirror.com/@babel/types/download/@babel/types-7.16.0.tgz",
      "integrity": "sha1-2zsxOAT5aq3Qt3bEgj4SetZyibo=",
      "requires": {
        "@babel/helper-validator-identifier": "^7.15.7",
        "to-fast-properties": "^2.0.0"
      }
    },
    "@intlify/core-base": {
      "version": "9.1.9",
      "resolved": "https://registry.npmmirror.com/@intlify/core-base/download/@intlify/core-base-9.1.9.tgz",
      "integrity": "sha1-5OjJUQEHKOSvOg0T10zz+eet1/Y=",
      "requires": {
        "@intlify/devtools-if": "9.1.9",
        "@intlify/message-compiler": "9.1.9",
        "@intlify/message-resolver": "9.1.9",
        "@intlify/runtime": "9.1.9",
        "@intlify/shared": "9.1.9",
        "@intlify/vue-devtools": "9.1.9"
      }
    },
    "@intlify/devtools-if": {
      "version": "9.1.9",
      "resolved": "https://registry.npmmirror.com/@intlify/devtools-if/download/@intlify/devtools-if-9.1.9.tgz",
      "integrity": "sha1-ow4d0SVv8sXJjY110HU4T7qJjl0=",
      "requires": {
        "@intlify/shared": "9.1.9"
      }
    },
    "@intlify/message-compiler": {
      "version": "9.1.9",
      "resolved": "https://registry.npmmirror.com/@intlify/message-compiler/download/@intlify/message-compiler-9.1.9.tgz",
      "integrity": "sha1-EZPL0iSnHC+5gUVbhTSjx2bSlI0=",
      "requires": {
        "@intlify/message-resolver": "9.1.9",
        "@intlify/shared": "9.1.9",
        "source-map": "0.6.1"
      }
    },
    "@intlify/message-resolver": {
      "version": "9.1.9",
      "resolved": "https://registry.npmmirror.com/@intlify/message-resolver/download/@intlify/message-resolver-9.1.9.tgz",
      "integrity": "sha1-MVXM0vXm0NwWyti38djpf82gW/w="
    },
    "@intlify/runtime": {
      "version": "9.1.9",
      "resolved": "https://registry.npmmirror.com/@intlify/runtime/download/@intlify/runtime-9.1.9.tgz?cache=0&sync_timestamp=1633535744601&other_urls=https%3A%2F%2Fregistry.npmmirror.com%2F%40intlify%2Fruntime%2Fdownload%2F%40intlify%2Fruntime-9.1.9.tgz",
      "integrity": "sha1-LBLOKVGKB1Yp7+0KjtKT7nQMsoU=",
      "requires": {
        "@intlify/message-compiler": "9.1.9",
        "@intlify/message-resolver": "9.1.9",
        "@intlify/shared": "9.1.9"
      }
    },
    "@intlify/shared": {
      "version": "9.1.9",
      "resolved": "https://registry.npmmirror.com/@intlify/shared/download/@intlify/shared-9.1.9.tgz",
      "integrity": "sha1-C6r5YSi4VWBma+x4T/sB9mI8wXo="
    },
    "@intlify/vue-devtools": {
      "version": "9.1.9",
      "resolved": "https://registry.npmmirror.com/@intlify/vue-devtools/download/@intlify/vue-devtools-9.1.9.tgz",
      "integrity": "sha1-K+j02+f37UEVZ26zI0gUHUEeQms=",
      "requires": {
        "@intlify/message-resolver": "9.1.9",
        "@intlify/runtime": "9.1.9",
        "@intlify/shared": "9.1.9"
      }
    },
    "@popperjs/core": {
      "version": "2.11.0",
      "resolved": "https://registry.npmmirror.com/@popperjs/core/download/@popperjs/core-2.11.0.tgz",
      "integrity": "sha512-zrsUxjLOKAzdewIDRWy9nsV1GQsKBCWaGwsZQlCgr6/q+vjyZhFgqedLfFBuI9anTPEUT4APq9Mu0SZBTzIcGQ=="
    },
    "@transloadit/prettier-bytes": {
      "version": "0.0.7",
      "resolved": "https://registry.npm.taobao.org/@transloadit/prettier-bytes/download/@transloadit/prettier-bytes-0.0.7.tgz",
      "integrity": "sha1-zbU5n0Rf3WBu2DOHL6DKvbxRaGs="
    },
    "@types/estree": {
      "version": "0.0.48",
      "resolved": "https://registry.npmmirror.com/@types/estree/download/@types/estree-0.0.48.tgz",
      "integrity": "sha1-GNyAkbKF35DbLyWqfZBs/DlLf3Q=",
      "dev": true
    },
    "@types/lodash": {
      "version": "4.14.178",
      "resolved": "https://registry.npmmirror.com/@types/lodash/download/@types/lodash-4.14.178.tgz",
      "integrity": "sha512-0d5Wd09ItQWH1qFbEyQ7oTQ3GZrMfth5JkbN3EvTKLXcHLRDSXeLnlvlOn0wvxVIwK5o2M8JzP/OWz7T3NRsbw=="
    },
    "@uppy/companion-client": {
      "version": "2.0.4",
      "resolved": "https://registry.npmmirror.com/@uppy/companion-client/download/@uppy/companion-client-2.0.4.tgz",
      "integrity": "sha512-Uc3bJzgSdvB+wKYoAbmhY7jv5DlziZQdK0w+5Eku2M93xcOictgJPoti94rj/PtZRH3gyszDkwACERs/bfbI7g==",
      "requires": {
        "@uppy/utils": "^4.0.4",
        "namespace-emitter": "^2.0.1"
      }
    },
    "@uppy/core": {
      "version": "2.1.4",
      "resolved": "https://registry.npmmirror.com/@uppy/core/download/@uppy/core-2.1.4.tgz",
      "integrity": "sha512-tVC44D66BbISD3gJaqH3xUrVEP5Pah0cDQV98sI3N6W6yMSOW4m3xuhqhcWvEd4DolKCp0vyvc/pW6rsQbMVRA==",
      "requires": {
        "@transloadit/prettier-bytes": "0.0.7",
        "@uppy/store-default": "^2.0.3",
        "@uppy/utils": "^4.0.4",
        "lodash.throttle": "^4.1.1",
        "mime-match": "^1.0.2",
        "namespace-emitter": "^2.0.1",
        "nanoid": "^3.1.25",
        "preact": "^10.5.13"
      }
    },
    "@uppy/store-default": {
      "version": "2.0.3",
      "resolved": "https://registry.npmmirror.com/@uppy/store-default/download/@uppy/store-default-2.0.3.tgz",
      "integrity": "sha512-2BGlN1sW0cFv4rOqTK8dfSg579S984N1HxCJxLFqeW9nWD6zd/O8Omyd85tbxGQ+FLZLTmLOm/feD0YeCBMahg=="
    },
    "@uppy/utils": {
      "version": "4.0.4",
      "resolved": "https://registry.npmmirror.com/@uppy/utils/download/@uppy/utils-4.0.4.tgz",
      "integrity": "sha512-FhYTQ2Z3t4t1ZHL2R0vNO1iBoMhQt/cBT54fVGxyky5T0DdivTYYbZNEbhqFsWfaaNVY3p+aK9/pfnBSi3685A==",
      "requires": {
        "lodash.throttle": "^4.1.1"
      }
    },
    "@uppy/xhr-upload": {
      "version": "2.0.7",
      "resolved": "https://registry.npmmirror.com/@uppy/xhr-upload/download/@uppy/xhr-upload-2.0.7.tgz",
      "integrity": "sha512-bzCc654B0HfNmL4BIr7gGTvg2pQBucYgPmAb4ST7jGyWlEJWbSxMXR/19zvISQzpJ6v1uP6q2ppgxGMqNdj/rA==",
      "requires": {
        "@uppy/companion-client": "^2.0.4",
        "@uppy/utils": "^4.0.4",
        "nanoid": "^3.1.25"
      }
    },
    "@vitejs/plugin-vue": {
      "version": "1.2.3",
      "resolved": "https://registry.npmmirror.com/@vitejs/plugin-vue/download/@vitejs/plugin-vue-1.2.3.tgz",
      "integrity": "sha1-Lo4AixzDpq0d++x1dDx//ZtIcqY=",
      "dev": true
    },
    "@vue/compiler-core": {
      "version": "3.1.2",
      "resolved": "https://registry.npmmirror.com/@vue/compiler-core/download/@vue/compiler-core-3.1.2.tgz",
      "integrity": "sha1-MasdiOFwalx6VF+u62TDG9AQHbA=",
      "requires": {
        "@babel/parser": "^7.12.0",
        "@babel/types": "^7.12.0",
        "@vue/shared": "3.1.2",
        "estree-walker": "^2.0.1",
        "source-map": "^0.6.1"
      }
    },
    "@vue/compiler-dom": {
      "version": "3.1.2",
      "resolved": "https://registry.npmmirror.com/@vue/compiler-dom/download/@vue/compiler-dom-3.1.2.tgz",
      "integrity": "sha1-dadzG8xdlxgYOjxWwY6ZL3wT57E=",
      "requires": {
        "@vue/compiler-core": "3.1.2",
        "@vue/shared": "3.1.2"
      }
    },
    "@vue/compiler-sfc": {
      "version": "3.1.2",
      "resolved": "https://registry.npmmirror.com/@vue/compiler-sfc/download/@vue/compiler-sfc-3.1.2.tgz",
      "integrity": "sha1-I/8eNm2Ie5ZImVaL/8sR49BRH8Q=",
      "dev": true,
      "requires": {
        "@babel/parser": "^7.13.9",
        "@babel/types": "^7.13.0",
        "@types/estree": "^0.0.48",
        "@vue/compiler-core": "3.1.2",
        "@vue/compiler-dom": "3.1.2",
        "@vue/compiler-ssr": "3.1.2",
        "@vue/shared": "3.1.2",
        "consolidate": "^0.16.0",
        "estree-walker": "^2.0.1",
        "hash-sum": "^2.0.0",
        "lru-cache": "^5.1.1",
        "magic-string": "^0.25.7",
        "merge-source-map": "^1.1.0",
        "postcss": "^8.1.10",
        "postcss-modules": "^4.0.0",
        "postcss-selector-parser": "^6.0.4",
        "source-map": "^0.6.1"
      }
    },
    "@vue/compiler-ssr": {
      "version": "3.1.2",
      "resolved": "https://registry.npmmirror.com/@vue/compiler-ssr/download/@vue/compiler-ssr-3.1.2.tgz",
      "integrity": "sha1-4zrQh22blvCVDiKw4XS5TBsEnS0=",
      "dev": true,
      "requires": {
        "@vue/compiler-dom": "3.1.2",
        "@vue/shared": "3.1.2"
      }
    },
    "@vue/devtools-api": {
      "version": "6.0.0-beta.21.1",
      "resolved": "https://registry.npmmirror.com/@vue/devtools-api/download/@vue/devtools-api-6.0.0-beta.21.1.tgz",
      "integrity": "sha512-FqC4s3pm35qGVeXRGOjTsRzlkJjrBLriDS9YXbflHLsfA9FrcKzIyWnLXoNm+/7930E8rRakXuAc2QkC50swAw=="
    },
    "@vue/reactivity": {
      "version": "3.1.2",
      "resolved": "https://registry.npmmirror.com/@vue/reactivity/download/@vue/reactivity-3.1.2.tgz",
      "integrity": "sha1-ZvpTDdcm0v7yha5V0CEGpyfbRjs=",
      "requires": {
        "@vue/shared": "3.1.2"
      }
    },
    "@vue/runtime-core": {
      "version": "3.1.2",
      "resolved": "https://registry.npmmirror.com/@vue/runtime-core/download/@vue/runtime-core-3.1.2.tgz",
      "integrity": "sha1-9NvFA8/JoCq18evgAsMyJRIGSlQ=",
      "requires": {
        "@vue/reactivity": "3.1.2",
        "@vue/shared": "3.1.2"
      }
    },
    "@vue/runtime-dom": {
      "version": "3.1.2",
      "resolved": "https://registry.npmmirror.com/@vue/runtime-dom/download/@vue/runtime-dom-3.1.2.tgz",
      "integrity": "sha1-D9hyTxS8e6ZLbJVNh0qNik/LX+k=",
      "requires": {
        "@vue/runtime-core": "3.1.2",
        "@vue/shared": "3.1.2",
        "csstype": "^2.6.8"
      }
    },
    "@vue/shared": {
      "version": "3.1.2",
      "resolved": "https://registry.npmmirror.com/@vue/shared/download/@vue/shared-3.1.2.tgz",
      "integrity": "sha1-EGnAvH1vS9FczzpfO+KUUKyjaPk="
    },
    "@wangeditor/basic-modules": {
      "version": "0.9.0",
      "resolved": "https://registry.npmmirror.com/@wangeditor/basic-modules/download/@wangeditor/basic-modules-0.9.0.tgz",
      "integrity": "sha512-/dl+DMM/lXXlwLaS0hjDFo2voVEeAZrJ7Vmce41fNYjuuOfHYvBh1wx71OWR23BOuBgqjbpFcUX2GVSdJwLqtA==",
      "requires": {
        "is-url": "^1.2.4"
      }
    },
    "@wangeditor/code-highlight": {
      "version": "0.7.9",
      "resolved": "https://registry.npmmirror.com/@wangeditor/code-highlight/download/@wangeditor/code-highlight-0.7.9.tgz",
      "integrity": "sha512-ToCNLvJVVDQ2r6NxFqXF0HfonZK+i4eB38DaPHPtxwlN8XtMIdsyWTvlq/sRuP4vFNcjmVeHCb4NqFy/roC/lA==",
      "requires": {
        "prismjs": "^1.23.0"
      }
    },
    "@wangeditor/core": {
      "version": "0.13.0",
      "resolved": "https://registry.npmmirror.com/@wangeditor/core/download/@wangeditor/core-0.13.0.tgz",
      "integrity": "sha512-oDs00gk6ApzHiwEEWC4tRTZJnaEdCdTdn58Ey6HVyatXS4QHiTisSFLITOHpwyS1FI1vGacZFDF19zDz52SWLw==",
      "requires": {
        "event-emitter": "^0.3.5",
        "html-void-elements": "^2.0.0",
        "i18next": "^20.4.0",
        "scroll-into-view-if-needed": "^2.2.28",
        "slate-history": "^0.66.0"
      }
    },
    "@wangeditor/editor": {
      "version": "0.13.3",
      "resolved": "https://registry.npmmirror.com/@wangeditor/editor/download/@wangeditor/editor-0.13.3.tgz",
      "integrity": "sha512-nFT5zdFEqXPkZ/Cm+V80rr4w+i8piJuZtp25PcAVlHzlwWCKuF0zMzWNWQY+hPZFMUr8dvY+hL6pTZG3j8thmA==",
      "requires": {
        "@uppy/core": "^2.1.1",
        "@uppy/xhr-upload": "^2.0.3",
        "@wangeditor/basic-modules": "^0.9.0",
        "@wangeditor/code-highlight": "^0.7.9",
        "@wangeditor/core": "^0.13.0",
        "@wangeditor/list-module": "^0.7.13",
        "@wangeditor/table-module": "^0.8.13",
        "@wangeditor/upload-image-module": "^0.7.12",
        "@wangeditor/video-module": "^0.8.1",
        "dom7": "^3.0.0",
        "is-hotkey": "^0.2.0",
        "lodash.camelcase": "^4.3.0",
        "lodash.clonedeep": "^4.5.0",
        "lodash.debounce": "^4.0.8",
        "lodash.foreach": "^4.5.0",
        "lodash.isequal": "^4.5.0",
        "lodash.throttle": "^4.1.1",
        "lodash.toarray": "^4.4.0",
        "nanoid": "^3.1.30",
        "slate": "^0.72.0",
        "snabbdom": "^3.1.0"
      }
    },
    "@wangeditor/editor-for-vue": {
      "version": "5.1.8-4",
      "resolved": "https://registry.npmmirror.com/@wangeditor/editor-for-vue/download/@wangeditor/editor-for-vue-5.1.8-4.tgz",
      "integrity": "sha512-lXGZlP7IVZ19zcDNJs+RCrHXLbR6KcsLzuNz9Ue16n7Nwp38V3eJzMazY5bXEJuahiZDT8jAkO7v1d42gVzlCQ==",
      "requires": {
        "eventemitter3": "^4.0.7"
      }
    },
    "@wangeditor/list-module": {
      "version": "0.7.13",
      "resolved": "https://registry.npmmirror.com/@wangeditor/list-module/download/@wangeditor/list-module-0.7.13.tgz",
      "integrity": "sha512-JYVqSyJcMN9JYz4Ljttm6pV4jI+3P1g7Vb3Z+NScBRCl/G9qmNHYctYMZJ6asN97VdHF8jL6tNdPba4yGCmH3g=="
    },
    "@wangeditor/table-module": {
      "version": "0.8.13",
      "resolved": "https://registry.npmmirror.com/@wangeditor/table-module/download/@wangeditor/table-module-0.8.13.tgz",
      "integrity": "sha512-z77oJC7SzFU8zYfDcivVrxV/OgE/lWKfNtcJ6JW++G/wSav/+ZGgU1tE8lFbzEU9cC78Ae0+LvFJ8VuBncmYfA=="
    },
    "@wangeditor/upload-image-module": {
      "version": "0.7.12",
      "resolved": "https://registry.npmmirror.com/@wangeditor/upload-image-module/download/@wangeditor/upload-image-module-0.7.12.tgz",
      "integrity": "sha512-ew3YbTs0B6UpOXzApnpSjmbi/afwXGO7zWdVRHOSJb2rvfNkF4GusXLmRkN12/jKsCJFhaBJZTf+cWWndP0VZQ=="
    },
    "@wangeditor/video-module": {
      "version": "0.8.1",
      "resolved": "https://registry.npmmirror.com/@wangeditor/video-module/download/@wangeditor/video-module-0.8.1.tgz",
      "integrity": "sha512-b33JhnM/C0O5Nq3ES9+/4wNkf1CsOIByEeB0ccZTbnpA+cjeKHHxsUgEIK4dA2059T+z9jepiZTLGPBoQVbSsQ=="
    },
    "async-validator": {
      "version": "3.5.2",
      "resolved": "https://registry.npmmirror.com/async-validator/download/async-validator-3.5.2.tgz?cache=0&sync_timestamp=1634529574100&other_urls=https%3A%2F%2Fregistry.npmmirror.com%2Fasync-validator%2Fdownload%2Fasync-validator-3.5.2.tgz",
      "integrity": "sha1-aOhmqWgk6LJpT/eoMcGiXETV5QA="
    },
    "axios": {
      "version": "0.21.4",
      "resolved": "https://registry.npmmirror.com/axios/download/axios-0.21.4.tgz",
      "integrity": "sha512-ut5vewkiu8jjGBdqpM44XxjuCjq9LAKeHVmoVfHVzy8eHgxxq8SbAVQNovDA8mVi05kP0Ea/n/UzcSHcTJQfNg==",
      "requires": {
        "follow-redirects": "^1.14.0"
      }
    },
    "babel-helper-vue-jsx-merge-props": {
      "version": "2.0.3",
      "resolved": "https://registry.nlark.com/babel-helper-vue-jsx-merge-props/download/babel-helper-vue-jsx-merge-props-2.0.3.tgz",
      "integrity": "sha1-Iq69OzOQIyjlEyk6jkmSs4T58bY="
    },
    "babel-runtime": {
      "version": "6.26.0",
      "resolved": "https://registry.nlark.com/babel-runtime/download/babel-runtime-6.26.0.tgz",
      "integrity": "sha1-llxwWGaOgrVde/4E/yM3vItWR/4=",
      "requires": {
        "core-js": "^2.4.0",
        "regenerator-runtime": "^0.11.0"
      },
      "dependencies": {
        "regenerator-runtime": {
          "version": "0.11.1",
          "resolved": "https://registry.nlark.com/regenerator-runtime/download/regenerator-runtime-0.11.1.tgz?cache=0&sync_timestamp=1626993001371&other_urls=https%3A%2F%2Fregistry.nlark.com%2Fregenerator-runtime%2Fdownload%2Fregenerator-runtime-0.11.1.tgz",
          "integrity": "sha1-vgWtf5v30i4Fb5cmzuUBf78Z4uk="
        }
      }
    },
    "big.js": {
      "version": "5.2.2",
      "resolved": "https://registry.npmmirror.com/big.js/download/big.js-5.2.2.tgz",
      "integrity": "sha1-ZfCvOC9Xi83HQr2cKB6cstd2gyg=",
      "dev": true
    },
    "bluebird": {
      "version": "3.7.2",
      "resolved": "https://registry.npm.taobao.org/bluebird/download/bluebird-3.7.2.tgz?cache=0&other_urls=https%3A%2F%2Fregistry.npm.taobao.org%2Fbluebird%2Fdownload%2Fbluebird-3.7.2.tgz",
      "integrity": "sha1-nyKcFb4nJFT/qXOs4NvueaGww28=",
      "dev": true
    },
    "compute-scroll-into-view": {
      "version": "1.0.17",
      "resolved": "https://registry.npm.taobao.org/compute-scroll-into-view/download/compute-scroll-into-view-1.0.17.tgz",
      "integrity": "sha1-aojxis2dQunPS6pr7H4FImB6t6s="
    },
    "consolidate": {
      "version": "0.16.0",
      "resolved": "https://registry.nlark.com/consolidate/download/consolidate-0.16.0.tgz",
      "integrity": "sha1-oRhkdokw8vGUMWYKZZBmaPX73BY=",
      "dev": true,
      "requires": {
        "bluebird": "^3.7.2"
      }
    },
    "core-js": {
      "version": "2.6.12",
      "resolved": "https://registry.npmmirror.com/core-js/download/core-js-2.6.12.tgz",
      "integrity": "sha1-2TM9+nsGXjR8xWgiGdb2kIWcwuw="
    },
    "core-js-pure": {
      "version": "3.20.0",
      "resolved": "https://registry.npmmirror.com/core-js-pure/download/core-js-pure-3.20.0.tgz",
      "integrity": "sha512-qsrbIwWSEEYOM7z616jAVgwhuDDtPLwZSpUsU3vyUkHYqKTf/uwOJBZg2V7lMurYWkpVlaVOxBrfX0Q3ppvjfg=="
    },
    "cropperjs": {
      "version": "1.5.12",
      "resolved": "https://registry.nlark.com/cropperjs/download/cropperjs-1.5.12.tgz",
      "integrity": "sha1-2cDbK/uMDXadUXOej5FrvEThD1A="
    },
    "cssesc": {
      "version": "3.0.0",
      "resolved": "https://registry.nlark.com/cssesc/download/cssesc-3.0.0.tgz",
      "integrity": "sha1-N3QZGZA7hoVl4cCep0dEXNGJg+4=",
      "dev": true
    },
    "csstype": {
      "version": "2.6.19",
      "resolved": "https://registry.npmmirror.com/csstype/download/csstype-2.6.19.tgz?cache=0&sync_timestamp=1637224514674&other_urls=https%3A%2F%2Fregistry.npmmirror.com%2Fcsstype%2Fdownload%2Fcsstype-2.6.19.tgz",
      "integrity": "sha512-ZVxXaNy28/k3kJg0Fou5MiYpp88j7H9hLZp8PDC3jV0WFjfH5E9xHb56L0W59cPbKbcHXeP4qyT8PrHp8t6LcQ=="
    },
    "d": {
      "version": "1.0.1",
      "resolved": "https://registry.nlark.com/d/download/d-1.0.1.tgz",
      "integrity": "sha1-hpgJU3LVjb7jRv/Qxwk/mfj561o=",
      "requires": {
        "es5-ext": "^0.10.50",
        "type": "^1.0.1"
      }
    },
    "dayjs": {
      "version": "1.10.7",
      "resolved": "https://registry.npmmirror.com/dayjs/download/dayjs-1.10.7.tgz",
      "integrity": "sha512-P6twpd70BcPK34K26uJ1KT3wlhpuOAPoMwJzpsIWUxHZ7wpmbdZL/hQqBDfz7hGurYSa5PhzdhDHtt319hL3ig=="
    },
    "deepmerge": {
      "version": "1.5.2",
      "resolved": "https://registry.nlark.com/deepmerge/download/deepmerge-1.5.2.tgz",
      "integrity": "sha1-EEmdhohEza1P7ghC34x/bwyVp1M="
    },
    "dom7": {
      "version": "3.0.0",
      "resolved": "https://registry.npmmirror.com/dom7/download/dom7-3.0.0.tgz",
      "integrity": "sha1-uGHOXWemvs16qjrQKUL/FLEkAzE=",
      "requires": {
        "ssr-window": "^3.0.0-alpha.1"
      }
    },
    "element-plus": {
      "version": "1.0.2-beta.52",
      "resolved": "https://registry.npmmirror.com/element-plus/download/element-plus-1.0.2-beta.52.tgz",
      "integrity": "sha1-x+2U1JjjkGWEeKokOLw1JHMlstA=",
      "requires": {
        "@popperjs/core": "^2.4.4",
        "@types/lodash": "^4.14.161",
        "async-validator": "^3.4.0",
        "dayjs": "1.x",
        "lodash": "^4.17.20",
        "mitt": "^2.1.0",
        "normalize-wheel": "^1.0.1",
        "resize-observer-polyfill": "^1.5.1"
      }
    },
    "element-ui": {
      "version": "2.15.6",
      "resolved": "https://registry.npmmirror.com/element-ui/download/element-ui-2.15.6.tgz",
      "integrity": "sha512-rcYXEKd/j2G0AgficAOk1Zd1AsnHRkhmrK4yLHmNOiimU2JfsywgfKUjMoFuT6pQx0luhovj8lFjpE4Fnt58Iw==",
      "requires": {
        "async-validator": "~1.8.1",
        "babel-helper-vue-jsx-merge-props": "^2.0.0",
        "deepmerge": "^1.2.0",
        "normalize-wheel": "^1.0.1",
        "resize-observer-polyfill": "^1.5.0",
        "throttle-debounce": "^1.0.1"
      },
      "dependencies": {
        "async-validator": {
          "version": "1.8.5",
          "resolved": "https://registry.npmmirror.com/async-validator/download/async-validator-1.8.5.tgz?cache=0&sync_timestamp=1634529574100&other_urls=https%3A%2F%2Fregistry.npmmirror.com%2Fasync-validator%2Fdownload%2Fasync-validator-1.8.5.tgz",
          "integrity": "sha1-3D4I7B/Q3dtn5ghC8CwM0c7G1/A=",
          "requires": {
            "babel-runtime": "6.x"
          }
        }
      }
    },
    "emojis-list": {
      "version": "3.0.0",
      "resolved": "https://registry.nlark.com/emojis-list/download/emojis-list-3.0.0.tgz",
      "integrity": "sha1-VXBmIEatKeLpFucariYKvf9Pang=",
      "dev": true
    },
    "es5-ext": {
      "version": "0.10.53",
      "resolved": "https://registry.nlark.com/es5-ext/download/es5-ext-0.10.53.tgz",
      "integrity": "sha1-k8WjrP2+8nUiCtcmRK0C7hg2jeE=",
      "requires": {
        "es6-iterator": "~2.0.3",
        "es6-symbol": "~3.1.3",
        "next-tick": "~1.0.0"
      }
    },
    "es6-iterator": {
      "version": "2.0.3",
      "resolved": "https://registry.nlark.com/es6-iterator/download/es6-iterator-2.0.3.tgz",
      "integrity": "sha1-p96IkUGgWpSwhUQDstCg+/qY87c=",
      "requires": {
        "d": "1",
        "es5-ext": "^0.10.35",
        "es6-symbol": "^3.1.1"
      }
    },
    "es6-symbol": {
      "version": "3.1.3",
      "resolved": "https://registry.npm.taobao.org/es6-symbol/download/es6-symbol-3.1.3.tgz",
      "integrity": "sha1-utXTwbzawoJp9MszHkMceKxwXRg=",
      "requires": {
        "d": "^1.0.1",
        "ext": "^1.1.2"
      }
    },
    "esbuild": {
      "version": "0.12.29",
      "resolved": "https://registry.npmmirror.com/esbuild/download/esbuild-0.12.29.tgz",
      "integrity": "sha512-w/XuoBCSwepyiZtIRsKsetiLDUVGPVw1E/R3VTFSecIy8UR7Cq3SOtwKHJMFoVqqVG36aGkzh4e8BvpO1Fdc7g==",
      "dev": true
    },
    "estree-walker": {
      "version": "2.0.2",
      "resolved": "https://registry.npmmirror.com/estree-walker/download/estree-walker-2.0.2.tgz",
      "integrity": "sha1-UvAQF4wqTBF6d1fP6UKtt9LaTKw="
    },
    "event-emitter": {
      "version": "0.3.5",
      "resolved": "https://registry.npm.taobao.org/event-emitter/download/event-emitter-0.3.5.tgz",
      "integrity": "sha1-34xp7vFkeSPHFXuc6DhAYQsCzDk=",
      "requires": {
        "d": "1",
        "es5-ext": "~0.10.14"
      }
    },
    "eventemitter3": {
      "version": "4.0.7",
      "resolved": "https://registry.nlark.com/eventemitter3/download/eventemitter3-4.0.7.tgz",
      "integrity": "sha1-Lem2j2Uo1WRO9cWVJqG0oHMGFp8="
    },
    "ext": {
      "version": "1.6.0",
      "resolved": "https://registry.npmmirror.com/ext/download/ext-1.6.0.tgz?cache=0&other_urls=https%3A%2F%2Fregistry.npmmirror.com%2Fext%2Fdownload%2Fext-1.6.0.tgz",
      "integrity": "sha1-OHHVBkHodMwXLitT+RmELRnbTFI=",
      "requires": {
        "type": "^2.5.0"
      },
      "dependencies": {
        "type": {
          "version": "2.5.0",
          "resolved": "https://registry.nlark.com/type/download/type-2.5.0.tgz",
          "integrity": "sha1-Ci54wud5B7JSq+XymMGwHGPw2z0="
        }
      }
    },
    "follow-redirects": {
      "version": "1.14.6",
      "resolved": "https://registry.npmmirror.com/follow-redirects/download/follow-redirects-1.14.6.tgz",
      "integrity": "sha512-fhUl5EwSJbbl8AR+uYL2KQDxLkdSjZGR36xy46AO7cOMTrCMON6Sa28FmAnC2tRTDbd/Uuzz3aJBv7EBN7JH8A=="
    },
    "fsevents": {
      "version": "2.3.2",
      "resolved": "https://registry.npmmirror.com/fsevents/download/fsevents-2.3.2.tgz",
      "integrity": "sha1-ilJveLj99GI7cJ4Ll1xSwkwC/Ro=",
      "dev": true,
      "optional": true
    },
    "function-bind": {
      "version": "1.1.1",
      "resolved": "https://registry.nlark.com/function-bind/download/function-bind-1.1.1.tgz",
      "integrity": "sha1-pWiZ0+o8m6uHS7l3O3xe3pL0iV0=",
      "dev": true
    },
    "generic-names": {
      "version": "2.0.1",
      "resolved": "https://registry.nlark.com/generic-names/download/generic-names-2.0.1.tgz",
      "integrity": "sha1-+KN46tLMqno08DF7BVVIMq5BuHI=",
      "dev": true,
      "requires": {
        "loader-utils": "^1.1.0"
      }
    },
    "has": {
      "version": "1.0.3",
      "resolved": "https://registry.nlark.com/has/download/has-1.0.3.tgz",
      "integrity": "sha1-ci18v8H2qoJB8W3YFOAR4fQeh5Y=",
      "dev": true,
      "requires": {
        "function-bind": "^1.1.1"
      }
    },
    "hash-sum": {
      "version": "2.0.0",
      "resolved": "https://registry.npm.taobao.org/hash-sum/download/hash-sum-2.0.0.tgz",
      "integrity": "sha1-gdAbtd6OpKIUrV1urRtSNGCwtFo=",
      "dev": true
    },
    "html-void-elements": {
      "version": "2.0.1",
      "resolved": "https://registry.npmmirror.com/html-void-elements/download/html-void-elements-2.0.1.tgz",
      "integrity": "sha512-0quDb7s97CfemeJAnW9wC0hw78MtW7NU3hqtCD75g2vFlDLt36llsYD7uB7SUzojLMP24N5IatXf7ylGXiGG9A=="
    },
    "i18next": {
      "version": "20.6.1",
      "resolved": "https://registry.npmmirror.com/i18next/download/i18next-20.6.1.tgz",
      "integrity": "sha1-U15fbluutoXH0l33DbY788wKo0U=",
      "requires": {
        "@babel/runtime": "^7.12.0"
      }
    },
    "icss-replace-symbols": {
      "version": "1.1.0",
      "resolved": "https://registry.npm.taobao.org/icss-replace-symbols/download/icss-replace-symbols-1.1.0.tgz",
      "integrity": "sha1-Bupvg2ead0njhs/h/oEq5dsiPe0=",
      "dev": true
    },
    "icss-utils": {
      "version": "5.1.0",
      "resolved": "https://registry.nlark.com/icss-utils/download/icss-utils-5.1.0.tgz",
      "integrity": "sha1-xr5oWKvQE9do6YNmrkfiXViHsa4=",
      "dev": true
    },
    "immer": {
      "version": "9.0.7",
      "resolved": "https://registry.npmmirror.com/immer/download/immer-9.0.7.tgz",
      "integrity": "sha512-KGllzpbamZDvOIxnmJ0jI840g7Oikx58lBPWV0hUh7dtAyZpFqqrBZdKka5GlTwMTZ1Tjc/bKKW4VSFAt6BqMA=="
    },
    "is-core-module": {
      "version": "2.8.0",
      "resolved": "https://registry.npmmirror.com/is-core-module/download/is-core-module-2.8.0.tgz",
      "integrity": "sha1-AyEzbD0JJeSX/Zf12VyxFKXM1Ug=",
      "dev": true,
      "requires": {
        "has": "^1.0.3"
      }
    },
    "is-hotkey": {
      "version": "0.2.0",
      "resolved": "https://registry.npm.taobao.org/is-hotkey/download/is-hotkey-0.2.0.tgz",
      "integrity": "sha1-GDWmgXGpHlyUYIadljNpR8g0DO8="
    },
    "is-plain-object": {
      "version": "5.0.0",
      "resolved": "https://registry.npm.taobao.org/is-plain-object/download/is-plain-object-5.0.0.tgz",
      "integrity": "sha1-RCf1CrNCnpAl6n1S6QQ6nvQVk0Q="
    },
    "is-url": {
      "version": "1.2.4",
      "resolved": "https://registry.nlark.com/is-url/download/is-url-1.2.4.tgz",
      "integrity": "sha1-BKTfRtKMTP89c9Af8Gq+sxihqlI="
    },
    "json5": {
      "version": "1.0.1",
      "resolved": "https://registry.npm.taobao.org/json5/download/json5-1.0.1.tgz",
      "integrity": "sha1-d5+wAYYE+oVOrL9iUhgNg1Q+Pb4=",
      "dev": true,
      "requires": {
        "minimist": "^1.2.0"
      }
    },
    "loader-utils": {
      "version": "1.4.0",
      "resolved": "https://registry.npmmirror.com/loader-utils/download/loader-utils-1.4.0.tgz",
      "integrity": "sha1-xXm140yzSxp07cbB+za/o3HVphM=",
      "dev": true,
      "requires": {
        "big.js": "^5.2.2",
        "emojis-list": "^3.0.0",
        "json5": "^1.0.1"
      }
    },
    "lodash": {
      "version": "4.17.21",
      "resolved": "https://registry.npmmirror.com/lodash/download/lodash-4.17.21.tgz",
      "integrity": "sha512-v2kDEe57lecTulaDIuNTPy3Ry4gLGJ6Z1O3vE1krgXZNrsQ+LFTGHVxVjcXPs17LhbZVGedAJv8XZ1tvj5FvSg=="
    },
    "lodash.camelcase": {
      "version": "4.3.0",
      "resolved": "https://registry.npmmirror.com/lodash.camelcase/download/lodash.camelcase-4.3.0.tgz",
      "integrity": "sha1-soqmKIorn8ZRA1x3EfZathkDMaY="
    },
    "lodash.clonedeep": {
      "version": "4.5.0",
      "resolved": "https://registry.npmmirror.com/lodash.clonedeep/download/lodash.clonedeep-4.5.0.tgz",
      "integrity": "sha512-H5ZhCF25riFd9uB5UCkVKo61m3S/xZk1x4wA6yp/L3RFP6Z/eHH1ymQcGLo7J3GMPfm0V/7m1tryHuGVxpqEBQ=="
    },
    "lodash.debounce": {
      "version": "4.0.8",
      "resolved": "https://registry.nlark.com/lodash.debounce/download/lodash.debounce-4.0.8.tgz",
      "integrity": "sha1-gteb/zCmfEAF/9XiUVMArZyk168="
    },
    "lodash.foreach": {
      "version": "4.5.0",
      "resolved": "https://registry.npm.taobao.org/lodash.foreach/download/lodash.foreach-4.5.0.tgz",
      "integrity": "sha1-Gmo16s5AEoDH8G3d7DUWWrJ+PlM="
    },
    "lodash.isequal": {
      "version": "4.5.0",
      "resolved": "https://registry.npm.taobao.org/lodash.isequal/download/lodash.isequal-4.5.0.tgz",
      "integrity": "sha1-QVxEePK8wwEgwizhDtMib30+GOA="
    },
    "lodash.throttle": {
      "version": "4.1.1",
      "resolved": "https://registry.nlark.com/lodash.throttle/download/lodash.throttle-4.1.1.tgz",
      "integrity": "sha1-wj6RtxAkKscMN/HhzaknTMOb8vQ="
    },
    "lodash.toarray": {
      "version": "4.4.0",
      "resolved": "https://registry.npm.taobao.org/lodash.toarray/download/lodash.toarray-4.4.0.tgz",
      "integrity": "sha1-JMS/zWsvuji/0FlNsRedjptlZWE="
    },
    "lru-cache": {
      "version": "5.1.1",
      "resolved": "https://registry.npm.taobao.org/lru-cache/download/lru-cache-5.1.1.tgz",
      "integrity": "sha1-HaJ+ZxAnGUdpXa9oSOhH8B2EuSA=",
      "dev": true,
      "requires": {
        "yallist": "^3.0.2"
      }
    },
    "magic-string": {
      "version": "0.25.7",
      "resolved": "https://registry.npm.taobao.org/magic-string/download/magic-string-0.25.7.tgz",
      "integrity": "sha1-P0l9b9NMZpxnmNy4IfLvMfVEUFE=",
      "dev": true,
      "requires": {
        "sourcemap-codec": "^1.4.4"
      }
    },
    "merge-source-map": {
      "version": "1.1.0",
      "resolved": "https://registry.nlark.com/merge-source-map/download/merge-source-map-1.1.0.tgz",
      "integrity": "sha1-L93n5gIJOfcJBqaPLXrmheTIxkY=",
      "dev": true,
      "requires": {
        "source-map": "^0.6.1"
      }
    },
    "mime-match": {
      "version": "1.0.2",
      "resolved": "https://registry.nlark.com/mime-match/download/mime-match-1.0.2.tgz",
      "integrity": "sha1-P4fDHprxpf1IX7nbE0Qosju7e6g=",
      "requires": {
        "wildcard": "^1.1.0"
      }
    },
    "minimist": {
      "version": "1.2.5",
      "resolved": "https://registry.npm.taobao.org/minimist/download/minimist-1.2.5.tgz",
      "integrity": "sha1-Z9ZgFLZqaoqqDAg8X9WN9OTpdgI=",
      "dev": true
    },
    "mitt": {
      "version": "2.1.0",
      "resolved": "https://registry.nlark.com/mitt/download/mitt-2.1.0.tgz?cache=0&sync_timestamp=1624481394885&other_urls=https%3A%2F%2Fregistry.nlark.com%2Fmitt%2Fdownload%2Fmitt-2.1.0.tgz",
      "integrity": "sha1-90BXfCMXbGIFsSGylzUU6t4bIjA="
    },
    "namespace-emitter": {
      "version": "2.0.1",
      "resolved": "https://registry.nlark.com/namespace-emitter/download/namespace-emitter-2.0.1.tgz",
      "integrity": "sha1-l41RNhxhMTtOa4z284U9CN+isXw="
    },
    "nanoid": {
      "version": "3.1.30",
      "resolved": "https://registry.npmmirror.com/nanoid/download/nanoid-3.1.30.tgz",
      "integrity": "sha512-zJpuPDwOv8D2zq2WRoMe1HsfZthVewpel9CAvTfc/2mBD1uUT/agc5f7GHGWXlYkFvi1mVxe4IjvP2HNrop7nQ=="
    },
    "next-tick": {
      "version": "1.0.0",
      "resolved": "https://registry.nlark.com/next-tick/download/next-tick-1.0.0.tgz",
      "integrity": "sha1-yobR/ogoFpsBICCOPchCS524NCw="
    },
    "normalize-wheel": {
      "version": "1.0.1",
      "resolved": "https://registry.nlark.com/normalize-wheel/download/normalize-wheel-1.0.1.tgz",
      "integrity": "sha1-rsiGr/2wRQcNhWRH32Ls+GFG7EU="
    },
    "path-parse": {
      "version": "1.0.7",
      "resolved": "https://registry.nlark.com/path-parse/download/path-parse-1.0.7.tgz",
      "integrity": "sha1-+8EUtgykKzDZ2vWFjkvWi77bZzU=",
      "dev": true
    },
    "picocolors": {
      "version": "1.0.0",
      "resolved": "https://registry.npmmirror.com/picocolors/download/picocolors-1.0.0.tgz?cache=0&sync_timestamp=1634093378416&other_urls=https%3A%2F%2Fregistry.npmmirror.com%2Fpicocolors%2Fdownload%2Fpicocolors-1.0.0.tgz",
      "integrity": "sha1-y1vcdP8/UYkiNur3nWi8RFZKuBw=",
      "dev": true
    },
    "postcss": {
      "version": "8.4.5",
      "resolved": "https://registry.npmmirror.com/postcss/download/postcss-8.4.5.tgz",
      "integrity": "sha512-jBDboWM8qpaqwkMwItqTQTiFikhs/67OYVvblFFTM7MrZjt6yMKd6r2kgXizEbTTljacm4NldIlZnhbjr84QYg==",
      "dev": true,
      "requires": {
        "nanoid": "^3.1.30",
        "picocolors": "^1.0.0",
        "source-map-js": "^1.0.1"
      }
    },
    "postcss-modules": {
      "version": "4.2.2",
      "resolved": "https://registry.nlark.com/postcss-modules/download/postcss-modules-4.2.2.tgz?cache=0&sync_timestamp=1627039417896&other_urls=https%3A%2F%2Fregistry.nlark.com%2Fpostcss-modules%2Fdownload%2Fpostcss-modules-4.2.2.tgz",
      "integrity": "sha1-Xnd3xaiWTqF2kZ2QsuVO+JEyHOU=",
      "dev": true,
      "requires": {
        "generic-names": "^2.0.1",
        "icss-replace-symbols": "^1.1.0",
        "lodash.camelcase": "^4.3.0",
        "postcss-modules-extract-imports": "^3.0.0",
        "postcss-modules-local-by-default": "^4.0.0",
        "postcss-modules-scope": "^3.0.0",
        "postcss-modules-values": "^4.0.0",
        "string-hash": "^1.1.1"
      }
    },
    "postcss-modules-extract-imports": {
      "version": "3.0.0",
      "resolved": "https://registry.nlark.com/postcss-modules-extract-imports/download/postcss-modules-extract-imports-3.0.0.tgz",
      "integrity": "sha1-zaHwR8CugMl9vijD52pDuIAldB0=",
      "dev": true
    },
    "postcss-modules-local-by-default": {
      "version": "4.0.0",
      "resolved": "https://registry.npm.taobao.org/postcss-modules-local-by-default/download/postcss-modules-local-by-default-4.0.0.tgz?cache=0&sync_timestamp=1602587625149&other_urls=https%3A%2F%2Fregistry.npm.taobao.org%2Fpostcss-modules-local-by-default%2Fdownload%2Fpostcss-modules-local-by-default-4.0.0.tgz",
      "integrity": "sha1-67tU+uFZjuz99pGgKz/zs5ClpRw=",
      "dev": true,
      "requires": {
        "icss-utils": "^5.0.0",
        "postcss-selector-parser": "^6.0.2",
        "postcss-value-parser": "^4.1.0"
      }
    },
    "postcss-modules-scope": {
      "version": "3.0.0",
      "resolved": "https://registry.npm.taobao.org/postcss-modules-scope/download/postcss-modules-scope-3.0.0.tgz",
      "integrity": "sha1-nvMVFFbTu/oSDKRImN/Kby+gHwY=",
      "dev": true,
      "requires": {
        "postcss-selector-parser": "^6.0.4"
      }
    },
    "postcss-modules-values": {
      "version": "4.0.0",
      "resolved": "https://registry.nlark.com/postcss-modules-values/download/postcss-modules-values-4.0.0.tgz",
      "integrity": "sha1-18Xn5ow7s8myfL9Iyguz/7RgLJw=",
      "dev": true,
      "requires": {
        "icss-utils": "^5.0.0"
      }
    },
    "postcss-selector-parser": {
      "version": "6.0.7",
      "resolved": "https://registry.npmmirror.com/postcss-selector-parser/download/postcss-selector-parser-6.0.7.tgz",
      "integrity": "sha512-U+b/Deoi4I/UmE6KOVPpnhS7I7AYdKbhGcat+qTQ27gycvaACvNEw11ba6RrkwVmDVRW7sigWgLj4/KbbJjeDA==",
      "dev": true,
      "requires": {
        "cssesc": "^3.0.0",
        "util-deprecate": "^1.0.2"
      }
    },
    "postcss-value-parser": {
      "version": "4.2.0",
      "resolved": "https://registry.npmmirror.com/postcss-value-parser/download/postcss-value-parser-4.2.0.tgz",
      "integrity": "sha512-1NNCs6uurfkVbeXG4S8JFT9t19m45ICnif8zWLd5oPSZ50QnwMfK+H3jv408d4jw/7Bttv5axS5IiHoLaVNHeQ==",
      "dev": true
    },
    "preact": {
      "version": "10.6.4",
      "resolved": "https://registry.npmmirror.com/preact/download/preact-10.6.4.tgz",
      "integrity": "sha512-WyosM7pxGcndU8hY0OQlLd54tOU+qmG45QXj2dAYrL11HoyU/EzOSTlpJsirbBr1QW7lICxSsVJJmcmUglovHQ=="
    },
    "prismjs": {
      "version": "1.25.0",
      "resolved": "https://registry.npmmirror.com/prismjs/download/prismjs-1.25.0.tgz",
      "integrity": "sha512-WCjJHl1KEWbnkQom1+SzftbtXMKQoezOCYs5rECqMN+jP+apI7ftoflyqigqzopSO3hMhTEb0mFClA8lkolgEg=="
    },
    "regenerator-runtime": {
      "version": "0.13.9",
      "resolved": "https://registry.nlark.com/regenerator-runtime/download/regenerator-runtime-0.13.9.tgz?cache=0&sync_timestamp=1626993001371&other_urls=https%3A%2F%2Fregistry.nlark.com%2Fregenerator-runtime%2Fdownload%2Fregenerator-runtime-0.13.9.tgz",
      "integrity": "sha1-iSV0Kpj/2QgUmI11Zq0wyjsmO1I="
    },
    "resize-observer-polyfill": {
      "version": "1.5.1",
      "resolved": "https://registry.npm.taobao.org/resize-observer-polyfill/download/resize-observer-polyfill-1.5.1.tgz",
      "integrity": "sha1-DpAg3T0hAkRY1OvSfiPkAmmBBGQ="
    },
    "resolve": {
      "version": "1.20.0",
      "resolved": "https://registry.npm.taobao.org/resolve/download/resolve-1.20.0.tgz",
      "integrity": "sha1-YpoBP7P3B1XW8LeTXMHCxTeLGXU=",
      "dev": true,
      "requires": {
        "is-core-module": "^2.2.0",
        "path-parse": "^1.0.6"
      }
    },
    "rollup": {
      "version": "2.61.1",
      "resolved": "https://registry.npmmirror.com/rollup/download/rollup-2.61.1.tgz",
      "integrity": "sha512-BbTXlEvB8d+XFbK/7E5doIcRtxWPRiqr0eb5vQ0+2paMM04Ye4PZY5nHOQef2ix24l/L0SpLd5hwcH15QHPdvA==",
      "dev": true,
      "requires": {
        "fsevents": "~2.3.2"
      }
    },
    "schart.js": {
      "version": "3.0.4",
      "resolved": "https://registry.npmmirror.com/schart.js/download/schart.js-3.0.4.tgz",
      "integrity": "sha512-uylb2u9rrHX1jyAuSAJUQON8XTfyDKI9kWj1J3fUlCQCkLVZ4HG4+IiV8qm//Z71dqvLI78QZ/fCBw0reB22Zw=="
    },
    "scroll-into-view-if-needed": {
      "version": "2.2.28",
      "resolved": "https://registry.npmmirror.com/scroll-into-view-if-needed/download/scroll-into-view-if-needed-2.2.28.tgz",
      "integrity": "sha1-WhWy9YpSZCyIyOylhGROAXA9ZFo=",
      "requires": {
        "compute-scroll-into-view": "^1.0.17"
      }
    },
    "slate": {
      "version": "0.72.0",
      "resolved": "https://registry.npmmirror.com/slate/download/slate-0.72.0.tgz",
      "integrity": "sha512-PdyMSxsv6ZOeoPp/tKb3mCfn7jWdtnavKzzuVrTYbydOIubYq60N9D3kJRcvR7Z86kxIOzu1ZXB8vsUzy30/vg==",
      "requires": {
        "immer": "^9.0.6",
        "is-plain-object": "^5.0.0",
        "tiny-warning": "^1.0.3"
      }
    },
    "slate-history": {
      "version": "0.66.0",
      "resolved": "https://registry.npmmirror.com/slate-history/download/slate-history-0.66.0.tgz",
      "integrity": "sha1-rGP925AwmM60yURDPj91/mOs+UA=",
      "requires": {
        "is-plain-object": "^5.0.0"
      }
    },
    "snabbdom": {
      "version": "3.2.0",
      "resolved": "https://registry.npmmirror.com/snabbdom/download/snabbdom-3.2.0.tgz",
      "integrity": "sha512-UWyfm8WbaFmbmYLC33pe5fawBfExhynkMDoZqQ8ehlHDwkxrgIOpWhKf5PaacLUW1n+Uwu5N5HND6mESU7cMlw=="
    },
    "source-map": {
      "version": "0.6.1",
      "resolved": "https://registry.npm.taobao.org/source-map/download/source-map-0.6.1.tgz",
      "integrity": "sha1-dHIq8y6WFOnCh6jQu95IteLxomM="
    },
    "source-map-js": {
      "version": "1.0.1",
      "resolved": "https://registry.npmmirror.com/source-map-js/download/source-map-js-1.0.1.tgz?cache=0&sync_timestamp=1636400753943&other_urls=https%3A%2F%2Fregistry.npmmirror.com%2Fsource-map-js%2Fdownload%2Fsource-map-js-1.0.1.tgz",
      "integrity": "sha512-4+TN2b3tqOCd/kaGRJ/sTYA0tR0mdXx26ipdolxcwtJVqEnqNYvlCAt1q3ypy4QMlYus+Zh34RNtYLoq2oQ4IA==",
      "dev": true
    },
    "sourcemap-codec": {
      "version": "1.4.8",
      "resolved": "https://registry.npm.taobao.org/sourcemap-codec/download/sourcemap-codec-1.4.8.tgz",
      "integrity": "sha1-6oBL2UhXQC5pktBaOO8a41qatMQ=",
      "dev": true
    },
    "ssr-window": {
      "version": "3.0.0",
      "resolved": "https://registry.npmmirror.com/ssr-window/download/ssr-window-3.0.0.tgz",
      "integrity": "sha1-/VuCgBY4lD4MxwTEaRgBQ1r3rDc="
    },
    "string-hash": {
      "version": "1.1.3",
      "resolved": "https://registry.nlark.com/string-hash/download/string-hash-1.1.3.tgz?cache=0&sync_timestamp=1618847134046&other_urls=https%3A%2F%2Fregistry.nlark.com%2Fstring-hash%2Fdownload%2Fstring-hash-1.1.3.tgz",
      "integrity": "sha1-6Kr8CsGFW0Zmkp7X3RJ1311sgRs=",
      "dev": true
    },
    "throttle-debounce": {
      "version": "1.1.0",
      "resolved": "https://registry.nlark.com/throttle-debounce/download/throttle-debounce-1.1.0.tgz",
      "integrity": "sha1-UYU9o3vmihVctugns1FKPEIuic0="
    },
    "tiny-warning": {
      "version": "1.0.3",
      "resolved": "https://registry.nlark.com/tiny-warning/download/tiny-warning-1.0.3.tgz",
      "integrity": "sha1-lKMNtFPfTGQ9D9VmBg1gqHXYR1Q="
    },
    "to-fast-properties": {
      "version": "2.0.0",
      "resolved": "https://registry.nlark.com/to-fast-properties/download/to-fast-properties-2.0.0.tgz?cache=0&sync_timestamp=1628418893613&other_urls=https%3A%2F%2Fregistry.nlark.com%2Fto-fast-properties%2Fdownload%2Fto-fast-properties-2.0.0.tgz",
      "integrity": "sha1-3F5pjL0HkmW8c+A3doGk5Og/YW4="
    },
    "tslib": {
      "version": "2.3.1",
      "resolved": "https://registry.nlark.com/tslib/download/tslib-2.3.1.tgz",
      "integrity": "sha1-6KM1rdXOrlGqJh0ypJAVjvBC7wE="
    },
    "type": {
      "version": "1.2.0",
      "resolved": "https://registry.nlark.com/type/download/type-1.2.0.tgz",
      "integrity": "sha1-hI3XaY2vo+VKbEeedZxLw/GIR6A="
    },
    "util-deprecate": {
      "version": "1.0.2",
      "resolved": "https://registry.npm.taobao.org/util-deprecate/download/util-deprecate-1.0.2.tgz",
      "integrity": "sha1-RQ1Nyfpw3nMnYvvS1KKJgUGaDM8=",
      "dev": true
    },
    "vite": {
      "version": "2.3.7",
      "resolved": "https://registry.npmmirror.com/vite/download/vite-2.3.7.tgz",
      "integrity": "sha1-MCOJJBk2dGXhrxc5V4+GY9BCQ7I=",
      "dev": true,
      "requires": {
        "esbuild": "^0.12.5",
        "fsevents": "~2.3.1",
        "postcss": "^8.3.0",
        "resolve": "^1.19.0",
        "rollup": "^2.38.5"
      }
    },
    "vue": {
      "version": "3.1.2",
      "resolved": "https://registry.npmmirror.com/vue/download/vue-3.1.2.tgz",
      "integrity": "sha512-q/rbKpb7aofax4ugqu2k/uj7BYuNPcd6Z5/qJtfkJQsE0NkwVoCyeSh7IZGH61hChwYn3CEkh4bHolvUPxlQ+w==",
      "requires": {
        "@vue/compiler-dom": "3.1.2",
        "@vue/runtime-dom": "3.1.2",
        "@vue/shared": "3.1.2"
      }
    },
    "vue-cropperjs": {
      "version": "5.0.0",
      "resolved": "https://registry.npm.taobao.org/vue-cropperjs/download/vue-cropperjs-5.0.0.tgz",
      "integrity": "sha1-f4y8Rgc3rzgxtN7WNMlZBRmOMp4=",
      "requires": {
        "cropperjs": "^1.5.6"
      }
    },
    "vue-i18n": {
      "version": "9.1.9",
      "resolved": "https://registry.npmmirror.com/vue-i18n/download/vue-i18n-9.1.9.tgz",
      "integrity": "sha1-y1PgarXMW37tWTMvFRyvSNR76bs=",
      "requires": {
        "@intlify/core-base": "9.1.9",
        "@intlify/shared": "9.1.9",
        "@intlify/vue-devtools": "9.1.9",
        "@vue/devtools-api": "^6.0.0-beta.7"
      }
    },
    "vue-router": {
      "version": "4.0.12",
      "resolved": "https://registry.npmmirror.com/vue-router/download/vue-router-4.0.12.tgz",
      "integrity": "sha512-CPXvfqe+mZLB1kBWssssTiWg4EQERyqJZes7USiqfW9B5N2x+nHlnsM1D3b5CaJ6qgCvMmYJnz+G0iWjNCvXrg==",
      "requires": {
        "@vue/devtools-api": "^6.0.0-beta.18"
      }
    },
    "vue-schart": {
      "version": "2.0.0",
      "resolved": "https://registry.npm.taobao.org/vue-schart/download/vue-schart-2.0.0.tgz",
      "integrity": "sha1-dE8mu788ELxaWEkx4AIzWXCBCQE=",
      "requires": {
        "schart.js": "^3.0.0"
      }
    },
    "vuex": {
      "version": "4.0.2",
      "resolved": "https://registry.npmmirror.com/vuex/download/vuex-4.0.2.tgz",
      "integrity": "sha512-M6r8uxELjZIK8kTKDGgZTYX/ahzblnzC4isU1tpmEuOIIKmV+TRdc+H4s8ds2NuZ7wpUTdGRzJRtoj+lI+pc0Q==",
      "requires": {
        "@vue/devtools-api": "^6.0.0-beta.11"
      }
    },
    "wangeditor": {
      "version": "4.7.10",
      "resolved": "https://registry.npmmirror.com/wangeditor/download/wangeditor-4.7.10.tgz",
      "integrity": "sha512-cUlPuPMaie0b4YqrA5VOu7myRiIn5+xp2aspS/PQLgmGuPum5Y037czT6HyOnDaSZ9U6wXsKh7nNYEnVsJAPhg==",
      "requires": {
        "@babel/runtime": "^7.11.2",
        "@babel/runtime-corejs3": "^7.11.2",
        "tslib": "^2.1.0"
      }
    },
    "wildcard": {
      "version": "1.1.2",
      "resolved": "https://registry.nlark.com/wildcard/download/wildcard-1.1.2.tgz",
      "integrity": "sha1-pwIEUwhNjNLv5wup02liY94XEKU="
    },
    "yallist": {
      "version": "3.1.1",
      "resolved": "https://registry.nlark.com/yallist/download/yallist-3.1.1.tgz",
      "integrity": "sha1-27fa+b/YusmrRev2ArjLrQ1dCP0=",
      "dev": true
    }
  }
}
